Microsoft Visual Studio Solution File, Format Version 12.00
# Visual Studio 2012
Project("{FAE04EC0-301F-11D3-BF4B-00C04F79EFBC}") = "Escape Is The Key", "Escape Is The Key.csproj", "{4051997C-AB9F-4BFE-950A-D057194DBB74}"
EndProject
Global
	GlobalSection(SolutionConfigurationPlatforms) = preSolution
	Debug|Any CPU = Debug|Any CPU
	ExportDebug|Any CPU = ExportDebug|Any CPU
	ExportRelease|Any CPU = ExportRelease|Any CPU
	EndGlobalSection
	GlobalSection(ProjectConfigurationPlatforms) = postSolution
		{4051997C-AB9F-4BFE-950A-D057194DBB74}.Debug|Any CPU.ActiveCfg = Debug|Any CPU
		{4051997C-AB9F-4BFE-950A-D057194DBB74}.Debug|Any CPU.Build.0 = Debug|Any CPU
		{4051997C-AB9F-4BFE-950A-D057194DBB74}.ExportDebug|Any CPU.ActiveCfg = ExportDebug|Any CPU
		{4051997C-AB9F-4BFE-950A-D057194DBB74}.ExportDebug|Any CPU.Build.0 = ExportDebug|Any CPU
		{4051997C-AB9F-4BFE-950A-D057194DBB74}.ExportRelease|Any CPU.ActiveCfg = ExportRelease|Any CPU
		{4051997C-AB9F-4BFE-950A-D057194DBB74}.ExportRelease|Any CPU.Build.0 = ExportRelease|Any CPU
	EndGlobalSection
EndGlobal
